
Microsoft Visual Studio Solution File, Format Version 12.00
# Visual Studio Version 17
VisualStudioVersion = 17.9.34607.119
MinimumVisualStudioVersion = 10.0.40219.1
Project("{FAE04EC0-301F-11D3-BF4B-00C04F79EFBC}") = "GameplayLibrary", "GameplayLibrary.csproj", "{B885248C-E6AA-400D-8757-901DBD093551}"
EndProject
Global
	GlobalSection(SolutionConfigurationPlatforms) = preSolution
		Debug|Any CPU = Debug|Any CPU
		Release|Any CPU = Release|Any CPU
	EndGlobalSection
	GlobalSection(ProjectConfigurationPlatforms) = postSolution
		{B885248C-E6AA-400D-8757-901DBD093551}.Debug|Any CPU.ActiveCfg = Debug|Any CPU
		{B885248C-E6AA-400D-8757-901DBD093551}.Debug|Any CPU.Build.0 = Debug|Any CPU
		{B885248C-E6AA-400D-8757-901DBD093551}.Release|Any CPU.ActiveCfg = Release|Any CPU
		{B885248C-E6AA-400D-8757-901DBD093551}.Release|Any CPU.Build.0 = Release|Any CPU
	EndGlobalSection
	GlobalSection(SolutionProperties) = preSolution
		HideSolutionNode = FALSE
	EndGlobalSection
	GlobalSection(ExtensibilityGlobals) = postSolution
		SolutionGuid = {DB54AAFB-B692-4AD1-B7BC-9E8F7BC724AD}
	EndGlobalSection
EndGlobal
